
Microsoft Visual Studio Solution File, Format Version 12.00
# Visual Studio 15
VisualStudioVersion = 15.0.28307.960
MinimumVisualStudioVersion = 10.0.40219.1
Project("{FAE04EC0-301F-11D3-BF4B-00C04F79EFBC}") = "ProjectAOJ", "ProjectAOJ\ProjectAOJ.csproj", "{FBBA8A2B-117C-4954-BF2D-39730FF251C6}"
EndProject
Global
	GlobalSection(SolutionConfigurationPlatforms) = preSolution
		Debug|Any CPU = Debug|Any CPU
		Release|Any CPU = Release|Any CPU
	EndGlobalSection
	GlobalSection(ProjectConfigurationPlatforms) = postSolution
		{FBBA8A2B-117C-4954-BF2D-39730FF251C6}.Debug|Any CPU.ActiveCfg = Debug|Any CPU
		{FBBA8A2B-117C-4954-BF2D-39730FF251C6}.Debug|Any CPU.Build.0 = Debug|Any CPU
		{FBBA8A2B-117C-4954-BF2D-39730FF251C6}.Release|Any CPU.ActiveCfg = Release|Any CPU
		{FBBA8A2B-117C-4954-BF2D-39730FF251C6}.Release|Any CPU.Build.0 = Release|Any CPU
	EndGlobalSection
	GlobalSection(SolutionProperties) = preSolution
		HideSolutionNode = FALSE
	EndGlobalSection
	GlobalSection(ExtensibilityGlobals) = postSolution
		SolutionGuid = {7E315B24-250D-4BF7-BDF5-6E561A74CB94}
	EndGlobalSection
EndGlobal
